
Microsoft Visual Studio Solution File, Format Version 12.00
# Visual Studio Version 16
VisualStudioVersion = 16.0.31424.327
MinimumVisualStudioVersion = 10.0.40219.1
Project("{FAE04EC0-301F-11D3-BF4B-00C04F79EFBC}") = "LocationStore.Core.Refactored", "LocationStore.Core.Refactored\LocationStore.Core.Refactored.csproj", "{A83C4B13-A24C-4619-B2A6-43026E1975D2}"
EndProject
Project("{FAE04EC0-301F-11D3-BF4B-00C04F79EFBC}") = "LocationStore.Core.Refactored.Tests", "LocationStore.Core.Refactored.Tests\LocationStore.Core.Refactored.Tests.csproj", "{62DCC126-1A6B-4331-A838-CFFA38948B32}"
EndProject
Global
	GlobalSection(SolutionConfigurationPlatforms) = preSolution
		Debug|Any CPU = Debug|Any CPU
		Release|Any CPU = Release|Any CPU
	EndGlobalSection
	GlobalSection(ProjectConfigurationPlatforms) = postSolution
		{A83C4B13-A24C-4619-B2A6-43026E1975D2}.Debug|Any CPU.ActiveCfg = Debug|Any CPU
		{A83C4B13-A24C-4619-B2A6-43026E1975D2}.Debug|Any CPU.Build.0 = Debug|Any CPU
		{A83C4B13-A24C-4619-B2A6-43026E1975D2}.Release|Any CPU.ActiveCfg = Release|Any CPU
		{A83C4B13-A24C-4619-B2A6-43026E1975D2}.Release|Any CPU.Build.0 = Release|Any CPU
		{62DCC126-1A6B-4331-A838-CFFA38948B32}.Debug|Any CPU.ActiveCfg = Debug|Any CPU
		{62DCC126-1A6B-4331-A838-CFFA38948B32}.Debug|Any CPU.Build.0 = Debug|Any CPU
		{62DCC126-1A6B-4331-A838-CFFA38948B32}.Release|Any CPU.ActiveCfg = Release|Any CPU
		{62DCC126-1A6B-4331-A838-CFFA38948B32}.Release|Any CPU.Build.0 = Release|Any CPU
	EndGlobalSection
	GlobalSection(SolutionProperties) = preSolution
		HideSolutionNode = FALSE
	EndGlobalSection
	GlobalSection(ExtensibilityGlobals) = postSolution
		SolutionGuid = {E418E02E-9A20-46AE-A85B-402CB942A6AC}
	EndGlobalSection
EndGlobal
